{
    "_readme": [
        "This file locks the dependencies of your project to a known state",
        "Read more about it at https://getcomposer.org/doc/01-basic-usage.md#installing-dependencies",
        "This file is @generated automatically"
    ],
    "content-hash": "38282c3f46a66e49fd0a4cb348f34ea8",
    "packages": [
        {
            "name": "erusev/parsedown",
            "version": "1.7.0",
            "source": {
                "type": "git",
                "url": "https://github.com/erusev/parsedown.git",
                "reference": "6678d59be48c4be64eaca6ce70bea48a09488cc2"
            },
            "dist": {
                "type": "zip",
                "url": "https://api.github.com/repos/erusev/parsedown/zipball/6678d59be48c4be64eaca6ce70bea48a09488cc2",
                "reference": "6678d59be48c4be64eaca6ce70bea48a09488cc2",
                "shasum": ""
            },
            "require": {
                "php": ">=5.3.0"
            },
            "require-dev": {
                "phpunit/phpunit": "^4.8.35"
            },
            "type": "library",
            "autoload": {
                "psr-0": {
                    "Parsedown": ""
                }
            },
            "notification-url": "https://packagist.org/downloads/",
            "license": [
                "MIT"
            ],
            "authors": [
                {
                    "name": "Emanuil Rusev",
                    "email": "hello@erusev.com",
                    "homepage": "http://erusev.com"
                }
            ],
            "description": "Parser for Markdown.",
            "homepage": "http://parsedown.org",
            "keywords": [
                "markdown",
                "parser"
            ],
            "support": {
                "issues": "https://github.com/erusev/parsedown/issues",
                "source": "https://github.com/erusev/parsedown/tree/master"
            },
            "time": "2018-02-28T11:41:37+00:00"
        },
        {
            "name": "jawira/plantuml",
            "version": "v1.2024.5",
            "source": {
                "type": "git",
                "url": "https://github.com/jawira/plantuml.git",
                "reference": "8ec0f2693620ab0a9e52b445ce6ab2f43255cb5b"
            },
            "dist": {
                "type": "zip",
                "url": "https://api.github.com/repos/jawira/plantuml/zipball/8ec0f2693620ab0a9e52b445ce6ab2f43255cb5b",
                "reference": "8ec0f2693620ab0a9e52b445ce6ab2f43255cb5b",
                "shasum": ""
            },
            "bin": [
                "bin/plantuml"
            ],
            "type": "library",
            "notification-url": "https://packagist.org/downloads/",
            "license": [
                "GPL-3.0-or-later"
            ],
            "authors": [
                {
                    "name": "Jawira Portugal"
                }
            ],
            "description": "Provides PlantUML executable and plantuml.jar",
            "keywords": [
                "diagram",
                "jar",
                "plantuml",
                "plantuml.jar",
                "uml"
            ],
            "support": {
                "issues": "https://github.com/jawira/plantuml/issues",
                "source": "https://github.com/jawira/plantuml/tree/v1.2024.5"
            },
            "time": "2024-05-31T13:00:43+00:00"
        },
        {
            "name": "jawira/plantuml-encoding",
            "version": "v1.1.0",
            "source": {
                "type": "git",
                "url": "https://github.com/jawira/plantuml-encoding.git",
                "reference": "cec097dfc062e7e13655d9594eacce5f9df639ad"
            },
            "dist": {
                "type": "zip",
                "url": "https://api.github.com/repos/jawira/plantuml-encoding/zipball/cec097dfc062e7e13655d9594eacce5f9df639ad",
                "reference": "cec097dfc062e7e13655d9594eacce5f9df639ad",
                "shasum": ""
            },
            "require": {
                "ext-zlib": "*",
                "php": ">=7.0"
            },
            "require-dev": {
                "jawira/skeleton": "^2.14",
                "phpstan/phpstan": "^1.0",
                "vimeo/psalm": "^4.0"
            },
            "type": "library",
            "autoload": {
                "files": [
                    "src/plantuml_functions.php"
                ]
            },
            "notification-url": "https://packagist.org/downloads/",
            "license": [
                "MIT"
            ],
            "authors": [
                {
                    "name": "Jawira Portugal",
                    "homepage": "https://jawira.com"
                }
            ],
            "description": "PlantUML encoding functions",
            "keywords": [
                "encodep",
                "encoding",
                "functions",
                "plantuml",
                "uml"
            ],
            "support": {
                "issues": "https://github.com/jawira/plantuml-encoding/issues",
                "source": "https://github.com/jawira/plantuml-encoding/tree/v1.1.0"
            },
            "time": "2022-05-31T18:58:21+00:00"
        }
    ],
    "packages-dev": [],
    "aliases": [],
    "minimum-stability": "stable",
    "stability-flags": [],
    "prefer-stable": false,
    "prefer-lowest": false,
    "platform": [],
    "platform-dev": [],
    "plugin-api-version": "2.6.0"
}
